
Microsoft Visual Studio Solution File, Format Version 12.00
# Visual Studio 15
VisualStudioVersion = 15.0.26124.0
MinimumVisualStudioVersion = 15.0.26124.0
Project("{9A19103F-16F7-4668-BE54-9A1E7A4F7556}") = "PortableSettingsProvider", "PortableSettingsProvider\PortableSettingsProvider.csproj", "{87932FAD-8DC2-4877-A1BE-7370728FD067}"
EndProject
Project("{9A19103F-16F7-4668-BE54-9A1E7A4F7556}") = "PortableJsonSettingsProvider", "PortableJsonSettingsProvider\PortableJsonSettingsProvider.csproj", "{5DFFBB14-780F-49C9-A9DF-36523A5A62BF}"
EndProject
Project("{9A19103F-16F7-4668-BE54-9A1E7A4F7556}") = "SettingsProviderTests", "SettingsProviderTests\SettingsProviderTests.csproj", "{176AD400-D295-42D3-AEEE-F3359F898DEF}"
EndProject
Project("{2150E333-8FDC-42A3-9474-1A3956D46DE8}") = "Solution Items", "Solution Items", "{6B71E16E-C9E5-49F6-9072-F072481C3561}"
	ProjectSection(SolutionItems) = preProject
		LICENSE = LICENSE
		README.md = README.md
	EndProjectSection
EndProject
Project("{2150E333-8FDC-42A3-9474-1A3956D46DE8}") = "Shared", "Shared", "{A1671D86-B204-4FE3-80F0-CB5A1A5E80D1}"
	ProjectSection(SolutionItems) = preProject
		Shared\PortableSettingsProviderBase.cs = Shared\PortableSettingsProviderBase.cs
	EndProjectSection
EndProject
Global
	GlobalSection(SolutionConfigurationPlatforms) = preSolution
		Debug|Any CPU = Debug|Any CPU
		Debug|x64 = Debug|x64
		Debug|x86 = Debug|x86
		Release|Any CPU = Release|Any CPU
		Release|x64 = Release|x64
		Release|x86 = Release|x86
	EndGlobalSection
	GlobalSection(ProjectConfigurationPlatforms) = postSolution
		{87932FAD-8DC2-4877-A1BE-7370728FD067}.Debug|Any CPU.ActiveCfg = Debug|Any CPU
		{87932FAD-8DC2-4877-A1BE-7370728FD067}.Debug|Any CPU.Build.0 = Debug|Any CPU
		{87932FAD-8DC2-4877-A1BE-7370728FD067}.Debug|x64.ActiveCfg = Debug|Any CPU
		{87932FAD-8DC2-4877-A1BE-7370728FD067}.Debug|x64.Build.0 = Debug|Any CPU
		{87932FAD-8DC2-4877-A1BE-7370728FD067}.Debug|x86.ActiveCfg = Debug|Any CPU
		{87932FAD-8DC2-4877-A1BE-7370728FD067}.Debug|x86.Build.0 = Debug|Any CPU
		{87932FAD-8DC2-4877-A1BE-7370728FD067}.Release|Any CPU.ActiveCfg = Release|Any CPU
		{87932FAD-8DC2-4877-A1BE-7370728FD067}.Release|Any CPU.Build.0 = Release|Any CPU
		{87932FAD-8DC2-4877-A1BE-7370728FD067}.Release|x64.ActiveCfg = Release|Any CPU
		{87932FAD-8DC2-4877-A1BE-7370728FD067}.Release|x64.Build.0 = Release|Any CPU
		{87932FAD-8DC2-4877-A1BE-7370728FD067}.Release|x86.ActiveCfg = Release|Any CPU
		{87932FAD-8DC2-4877-A1BE-7370728FD067}.Release|x86.Build.0 = Release|Any CPU
		{5DFFBB14-780F-49C9-A9DF-36523A5A62BF}.Debug|Any CPU.ActiveCfg = Debug|Any CPU
		{5DFFBB14-780F-49C9-A9DF-36523A5A62BF}.Debug|Any CPU.Build.0 = Debug|Any CPU
		{5DFFBB14-780F-49C9-A9DF-36523A5A62BF}.Debug|x64.ActiveCfg = Debug|Any CPU
		{5DFFBB14-780F-49C9-A9DF-36523A5A62BF}.Debug|x64.Build.0 = Debug|Any CPU
		{5DFFBB14-780F-49C9-A9DF-36523A5A62BF}.Debug|x86.ActiveCfg = Debug|Any CPU
		{5DFFBB14-780F-49C9-A9DF-36523A5A62BF}.Debug|x86.Build.0 = Debug|Any CPU
		{5DFFBB14-780F-49C9-A9DF-36523A5A62BF}.Release|Any CPU.ActiveCfg = Release|Any CPU
		{5DFFBB14-780F-49C9-A9DF-36523A5A62BF}.Release|Any CPU.Build.0 = Release|Any CPU
		{5DFFBB14-780F-49C9-A9DF-36523A5A62BF}.Release|x64.ActiveCfg = Release|Any CPU
		{5DFFBB14-780F-49C9-A9DF-36523A5A62BF}.Release|x64.Build.0 = Release|Any CPU
		{5DFFBB14-780F-49C9-A9DF-36523A5A62BF}.Release|x86.ActiveCfg = Release|Any CPU
		{5DFFBB14-780F-49C9-A9DF-36523A5A62BF}.Release|x86.Build.0 = Release|Any CPU
		{176AD400-D295-42D3-AEEE-F3359F898DEF}.Debug|Any CPU.ActiveCfg = Debug|Any CPU
		{176AD400-D295-42D3-AEEE-F3359F898DEF}.Debug|Any CPU.Build.0 = Debug|Any CPU
		{176AD400-D295-42D3-AEEE-F3359F898DEF}.Debug|x64.ActiveCfg = Debug|Any CPU
		{176AD400-D295-42D3-AEEE-F3359F898DEF}.Debug|x64.Build.0 = Debug|Any CPU
		{176AD400-D295-42D3-AEEE-F3359F898DEF}.Debug|x86.ActiveCfg = Debug|Any CPU
		{176AD400-D295-42D3-AEEE-F3359F898DEF}.Debug|x86.Build.0 = Debug|Any CPU
		{176AD400-D295-42D3-AEEE-F3359F898DEF}.Release|Any CPU.ActiveCfg = Release|Any CPU
		{176AD400-D295-42D3-AEEE-F3359F898DEF}.Release|Any CPU.Build.0 = Release|Any CPU
		{176AD400-D295-42D3-AEEE-F3359F898DEF}.Release|x64.ActiveCfg = Release|Any CPU
		{176AD400-D295-42D3-AEEE-F3359F898DEF}.Release|x64.Build.0 = Release|Any CPU
		{176AD400-D295-42D3-AEEE-F3359F898DEF}.Release|x86.ActiveCfg = Release|Any CPU
		{176AD400-D295-42D3-AEEE-F3359F898DEF}.Release|x86.Build.0 = Release|Any CPU
	EndGlobalSection
	GlobalSection(SolutionProperties) = preSolution
		HideSolutionNode = FALSE
	EndGlobalSection
	GlobalSection(NestedProjects) = preSolution
		{A1671D86-B204-4FE3-80F0-CB5A1A5E80D1} = {6B71E16E-C9E5-49F6-9072-F072481C3561}
	EndGlobalSection
	GlobalSection(ExtensibilityGlobals) = postSolution
		SolutionGuid = {288B84D7-34C9-40D6-8B02-969FDC8235B8}
	EndGlobalSection
EndGlobal
